
Microsoft Visual Studio Solution File, Format Version 12.00
# Visual Studio Version 17
VisualStudioVersion = 17.9.34701.34
MinimumVisualStudioVersion = 10.0.40219.1
Project("{8BC9CEB8-8B4A-11D0-8D11-00A0C91BC942}") = "IntroductionToOOP", "IntroductionToOOP\IntroductionToOOP.vcxproj", "{01772FC1-E549-4BD4-B6AA-0ADF24C31063}"
EndProject
Project("{8BC9CEB8-8B4A-11D0-8D11-00A0C91BC942}") = "Fractions", "Fractions\Fractions.vcxproj", "{3976935F-657E-46D3-AF0F-42B237B2B8E3}"
EndProject
Global
	GlobalSection(SolutionConfigurationPlatforms) = preSolution
		Debug|x64 = Debug|x64
		Debug|x86 = Debug|x86
		Release|x64 = Release|x64
		Release|x86 = Release|x86
	EndGlobalSection
	GlobalSection(ProjectConfigurationPlatforms) = postSolution
		{01772FC1-E549-4BD4-B6AA-0ADF24C31063}.Debug|x64.ActiveCfg = Debug|x64
		{01772FC1-E549-4BD4-B6AA-0ADF24C31063}.Debug|x64.Build.0 = Debug|x64
		{01772FC1-E549-4BD4-B6AA-0ADF24C31063}.Debug|x86.ActiveCfg = Debug|Win32
		{01772FC1-E549-4BD4-B6AA-0ADF24C31063}.Debug|x86.Build.0 = Debug|Win32
		{01772FC1-E549-4BD4-B6AA-0ADF24C31063}.Release|x64.ActiveCfg = Release|x64
		{01772FC1-E549-4BD4-B6AA-0ADF24C31063}.Release|x64.Build.0 = Release|x64
		{01772FC1-E549-4BD4-B6AA-0ADF24C31063}.Release|x86.ActiveCfg = Release|Win32
		{01772FC1-E549-4BD4-B6AA-0ADF24C31063}.Release|x86.Build.0 = Release|Win32
		{3976935F-657E-46D3-AF0F-42B237B2B8E3}.Debug|x64.ActiveCfg = Debug|x64
		{3976935F-657E-46D3-AF0F-42B237B2B8E3}.Debug|x64.Build.0 = Debug|x64
		{3976935F-657E-46D3-AF0F-42B237B2B8E3}.Debug|x86.ActiveCfg = Debug|Win32
		{3976935F-657E-46D3-AF0F-42B237B2B8E3}.Debug|x86.Build.0 = Debug|Win32
		{3976935F-657E-46D3-AF0F-42B237B2B8E3}.Release|x64.ActiveCfg = Release|x64
		{3976935F-657E-46D3-AF0F-42B237B2B8E3}.Release|x64.Build.0 = Release|x64
		{3976935F-657E-46D3-AF0F-42B237B2B8E3}.Release|x86.ActiveCfg = Release|Win32
		{3976935F-657E-46D3-AF0F-42B237B2B8E3}.Release|x86.Build.0 = Release|Win32
	EndGlobalSection
	GlobalSection(SolutionProperties) = preSolution
		HideSolutionNode = FALSE
	EndGlobalSection
	GlobalSection(ExtensibilityGlobals) = postSolution
		SolutionGuid = {3282DA47-619D-41D9-854D-A9A0FFEF36AD}
	EndGlobalSection
EndGlobal
